
Microsoft Visual Studio Solution File, Format Version 12.00
# Visual Studio Version 17
VisualStudioVersion = 17.11.35327.3
MinimumVisualStudioVersion = 10.0.40219.1
Project("{2150E333-8FDC-42A3-9474-1A3956D46DE8}") = "Task0", "Task0", "{31913E31-E050-4328-A06C-E51B2350E2DA}"
EndProject
Project("{9A19103F-16F7-4668-BE54-9A1E7A4F7556}") = "Tyuiu.KonstantinovaJN.Sprint5.Task0.V29", "Tyuiu.KonstantinovaJN.Sprint5.Task0.V29\Tyuiu.KonstantinovaJN.Sprint5.Task0.V29.csproj", "{A7FF3A38-6839-4444-8670-2C1707A0B4DF}"
EndProject
Project("{9A19103F-16F7-4668-BE54-9A1E7A4F7556}") = "Tyuiu.KonstantinovaJN.Sprint5.Task0.V29.Lib", "Tyuiu.KonstantinovaJN.Sprint5.Task0.V29.Lib\Tyuiu.KonstantinovaJN.Sprint5.Task0.V29.Lib.csproj", "{531DBA61-6BE3-4271-81F6-BE7B29D995EF}"
EndProject
Project("{9A19103F-16F7-4668-BE54-9A1E7A4F7556}") = "Tyuiu.KonstantinovaJN.Sprint5.Task0.V29.Test", "Tyuiu.KonstantinovaJN.Sprint5.Task0.V29.Test\Tyuiu.KonstantinovaJN.Sprint5.Task0.V29.Test.csproj", "{D3A1BA9F-EF66-409A-B5E0-A4FC22EEBBA8}"
EndProject
Project("{2150E333-8FDC-42A3-9474-1A3956D46DE8}") = "Task1", "Task1", "{F84CA421-A1E6-48DD-87C0-2130915D271E}"
EndProject
Project("{9A19103F-16F7-4668-BE54-9A1E7A4F7556}") = "Tyuiu.KonstantinovaJN.Sprint5.Task1.V29", "Tyuiu.KonstantinovaJN.Sprint5.Task1.V29\Tyuiu.KonstantinovaJN.Sprint5.Task1.V29.csproj", "{76A8E87A-13DE-4B9C-B3BB-62FBE545014C}"
EndProject
Project("{9A19103F-16F7-4668-BE54-9A1E7A4F7556}") = "Tyuiu.KonstantinovaJN.Sprint5.Task1.V29.Test", "Tyuiu.KonstantinovaJN.Sprint5.Task1.V29.Test\Tyuiu.KonstantinovaJN.Sprint5.Task1.V29.Test.csproj", "{50376C1B-2144-4E62-A91D-9A1A8BDA19CC}"
EndProject
Project("{9A19103F-16F7-4668-BE54-9A1E7A4F7556}") = "Tyuiu.KonstantinovaJN.Sprint5.Task1.V29.Lib", "Tyuiu.KonstantinovaJN.Sprint5.Task1.V29.Lib\Tyuiu.KonstantinovaJN.Sprint5.Task1.V29.Lib.csproj", "{D453A13F-44B2-415A-B585-F29159ED6B02}"
EndProject
Project("{2150E333-8FDC-42A3-9474-1A3956D46DE8}") = "Task2", "Task2", "{611E42D2-EDAA-4380-AC00-F80C6B8263D9}"
EndProject
Project("{9A19103F-16F7-4668-BE54-9A1E7A4F7556}") = "Tyuiu.KonstantinovaJN.Sprint5.Task2.V23", "Tyuiu.KonstantinovaJN.Sprint5.Task2.V23\Tyuiu.KonstantinovaJN.Sprint5.Task2.V23.csproj", "{2C42A1F6-E09A-4D42-B2AC-9BCA4E4FE14A}"
EndProject
Project("{9A19103F-16F7-4668-BE54-9A1E7A4F7556}") = "Tyuiu.KonstantinovaJN.Sprint5.Task2.V23.Test", "Tyuiu.KonstantinovaJN.Sprint5.Task2.V23.Test\Tyuiu.KonstantinovaJN.Sprint5.Task2.V23.Test.csproj", "{3C366086-FC9B-4713-A5A1-0B5751B6DDE1}"
EndProject
Project("{9A19103F-16F7-4668-BE54-9A1E7A4F7556}") = "Tyuiu.KonstantinovaJN.Sprint5.Task2.V23.Lib", "Tyuiu.KonstantinovaJN.Sprint5.Task2.V23.Lib\Tyuiu.KonstantinovaJN.Sprint5.Task2.V23.Lib.csproj", "{6C68D12D-CC3E-40BF-A03F-1EDCE16386B9}"
EndProject
Project("{2150E333-8FDC-42A3-9474-1A3956D46DE8}") = "Task3", "Task3", "{C3E88CCE-E9FA-4FC3-9274-081857B05200}"
EndProject
Project("{FAE04EC0-301F-11D3-BF4B-00C04F79EFBC}") = "Tyuiu.KonstantinovaJN.Sprint5.Task3.V13", "Tyuiu.KonstantinovaJN.Sprint5.Task3.V13\Tyuiu.KonstantinovaJN.Sprint5.Task3.V13.csproj", "{47885748-2AB8-4D49-9F6E-BE0CCEDAFFE5}"
EndProject
Project("{FAE04EC0-301F-11D3-BF4B-00C04F79EFBC}") = "Tyuiu.KonstantinovaJN.Sprint5.Task3.V13.Lib", "Tyuiu.KonstantinovaJN.Sprint5.Task3.V13.Lib\Tyuiu.KonstantinovaJN.Sprint5.Task3.V13.Lib.csproj", "{8BA91754-8BE3-4589-8BB7-068E5AAA3311}"
EndProject
Project("{FAE04EC0-301F-11D3-BF4B-00C04F79EFBC}") = "Tyuiu.KonstantinovaJN.Sprint5.Task3.V13.Test", "Tyuiu.KonstantinovaJN.Sprint5.Task3.V13.Test\Tyuiu.KonstantinovaJN.Sprint5.Task3.V13.Test.csproj", "{15F0256C-3DE6-4764-9542-A2490C4CB414}"
EndProject
Global
	GlobalSection(SolutionConfigurationPlatforms) = preSolution
		Debug|Any CPU = Debug|Any CPU
		Release|Any CPU = Release|Any CPU
	EndGlobalSection
	GlobalSection(ProjectConfigurationPlatforms) = postSolution
		{A7FF3A38-6839-4444-8670-2C1707A0B4DF}.Debug|Any CPU.ActiveCfg = Debug|Any CPU
		{A7FF3A38-6839-4444-8670-2C1707A0B4DF}.Debug|Any CPU.Build.0 = Debug|Any CPU
		{A7FF3A38-6839-4444-8670-2C1707A0B4DF}.Release|Any CPU.ActiveCfg = Release|Any CPU
		{A7FF3A38-6839-4444-8670-2C1707A0B4DF}.Release|Any CPU.Build.0 = Release|Any CPU
		{531DBA61-6BE3-4271-81F6-BE7B29D995EF}.Debug|Any CPU.ActiveCfg = Debug|Any CPU
		{531DBA61-6BE3-4271-81F6-BE7B29D995EF}.Debug|Any CPU.Build.0 = Debug|Any CPU
		{531DBA61-6BE3-4271-81F6-BE7B29D995EF}.Release|Any CPU.ActiveCfg = Release|Any CPU
		{531DBA61-6BE3-4271-81F6-BE7B29D995EF}.Release|Any CPU.Build.0 = Release|Any CPU
		{D3A1BA9F-EF66-409A-B5E0-A4FC22EEBBA8}.Debug|Any CPU.ActiveCfg = Debug|Any CPU
		{D3A1BA9F-EF66-409A-B5E0-A4FC22EEBBA8}.Debug|Any CPU.Build.0 = Debug|Any CPU
		{D3A1BA9F-EF66-409A-B5E0-A4FC22EEBBA8}.Release|Any CPU.ActiveCfg = Release|Any CPU
		{D3A1BA9F-EF66-409A-B5E0-A4FC22EEBBA8}.Release|Any CPU.Build.0 = Release|Any CPU
		{76A8E87A-13DE-4B9C-B3BB-62FBE545014C}.Debug|Any CPU.ActiveCfg = Debug|Any CPU
		{76A8E87A-13DE-4B9C-B3BB-62FBE545014C}.Debug|Any CPU.Build.0 = Debug|Any CPU
		{76A8E87A-13DE-4B9C-B3BB-62FBE545014C}.Release|Any CPU.ActiveCfg = Release|Any CPU
		{76A8E87A-13DE-4B9C-B3BB-62FBE545014C}.Release|Any CPU.Build.0 = Release|Any CPU
		{50376C1B-2144-4E62-A91D-9A1A8BDA19CC}.Debug|Any CPU.ActiveCfg = Debug|Any CPU
		{50376C1B-2144-4E62-A91D-9A1A8BDA19CC}.Debug|Any CPU.Build.0 = Debug|Any CPU
		{50376C1B-2144-4E62-A91D-9A1A8BDA19CC}.Release|Any CPU.ActiveCfg = Release|Any CPU
		{50376C1B-2144-4E62-A91D-9A1A8BDA19CC}.Release|Any CPU.Build.0 = Release|Any CPU
		{D453A13F-44B2-415A-B585-F29159ED6B02}.Debug|Any CPU.ActiveCfg = Debug|Any CPU
		{D453A13F-44B2-415A-B585-F29159ED6B02}.Debug|Any CPU.Build.0 = Debug|Any CPU
		{D453A13F-44B2-415A-B585-F29159ED6B02}.Release|Any CPU.ActiveCfg = Release|Any CPU
		{D453A13F-44B2-415A-B585-F29159ED6B02}.Release|Any CPU.Build.0 = Release|Any CPU
		{2C42A1F6-E09A-4D42-B2AC-9BCA4E4FE14A}.Debug|Any CPU.ActiveCfg = Debug|Any CPU
		{2C42A1F6-E09A-4D42-B2AC-9BCA4E4FE14A}.Debug|Any CPU.Build.0 = Debug|Any CPU
		{2C42A1F6-E09A-4D42-B2AC-9BCA4E4FE14A}.Release|Any CPU.ActiveCfg = Release|Any CPU
		{2C42A1F6-E09A-4D42-B2AC-9BCA4E4FE14A}.Release|Any CPU.Build.0 = Release|Any CPU
		{3C366086-FC9B-4713-A5A1-0B5751B6DDE1}.Debug|Any CPU.ActiveCfg = Debug|Any CPU
		{3C366086-FC9B-4713-A5A1-0B5751B6DDE1}.Debug|Any CPU.Build.0 = Debug|Any CPU
		{3C366086-FC9B-4713-A5A1-0B5751B6DDE1}.Release|Any CPU.ActiveCfg = Release|Any CPU
		{3C366086-FC9B-4713-A5A1-0B5751B6DDE1}.Release|Any CPU.Build.0 = Release|Any CPU
		{6C68D12D-CC3E-40BF-A03F-1EDCE16386B9}.Debug|Any CPU.ActiveCfg = Debug|Any CPU
		{6C68D12D-CC3E-40BF-A03F-1EDCE16386B9}.Debug|Any CPU.Build.0 = Debug|Any CPU
		{6C68D12D-CC3E-40BF-A03F-1EDCE16386B9}.Release|Any CPU.ActiveCfg = Release|Any CPU
		{6C68D12D-CC3E-40BF-A03F-1EDCE16386B9}.Release|Any CPU.Build.0 = Release|Any CPU
		{47885748-2AB8-4D49-9F6E-BE0CCEDAFFE5}.Debug|Any CPU.ActiveCfg = Debug|Any CPU
		{47885748-2AB8-4D49-9F6E-BE0CCEDAFFE5}.Debug|Any CPU.Build.0 = Debug|Any CPU
		{47885748-2AB8-4D49-9F6E-BE0CCEDAFFE5}.Release|Any CPU.ActiveCfg = Release|Any CPU
		{47885748-2AB8-4D49-9F6E-BE0CCEDAFFE5}.Release|Any CPU.Build.0 = Release|Any CPU
		{8BA91754-8BE3-4589-8BB7-068E5AAA3311}.Debug|Any CPU.ActiveCfg = Debug|Any CPU
		{8BA91754-8BE3-4589-8BB7-068E5AAA3311}.Debug|Any CPU.Build.0 = Debug|Any CPU
		{8BA91754-8BE3-4589-8BB7-068E5AAA3311}.Release|Any CPU.ActiveCfg = Release|Any CPU
		{8BA91754-8BE3-4589-8BB7-068E5AAA3311}.Release|Any CPU.Build.0 = Release|Any CPU
		{15F0256C-3DE6-4764-9542-A2490C4CB414}.Debug|Any CPU.ActiveCfg = Debug|Any CPU
		{15F0256C-3DE6-4764-9542-A2490C4CB414}.Debug|Any CPU.Build.0 = Debug|Any CPU
		{15F0256C-3DE6-4764-9542-A2490C4CB414}.Release|Any CPU.ActiveCfg = Release|Any CPU
		{15F0256C-3DE6-4764-9542-A2490C4CB414}.Release|Any CPU.Build.0 = Release|Any CPU
	EndGlobalSection
	GlobalSection(SolutionProperties) = preSolution
		HideSolutionNode = FALSE
	EndGlobalSection
	GlobalSection(NestedProjects) = preSolution
		{A7FF3A38-6839-4444-8670-2C1707A0B4DF} = {31913E31-E050-4328-A06C-E51B2350E2DA}
		{531DBA61-6BE3-4271-81F6-BE7B29D995EF} = {31913E31-E050-4328-A06C-E51B2350E2DA}
		{D3A1BA9F-EF66-409A-B5E0-A4FC22EEBBA8} = {31913E31-E050-4328-A06C-E51B2350E2DA}
		{76A8E87A-13DE-4B9C-B3BB-62FBE545014C} = {F84CA421-A1E6-48DD-87C0-2130915D271E}
		{50376C1B-2144-4E62-A91D-9A1A8BDA19CC} = {F84CA421-A1E6-48DD-87C0-2130915D271E}
		{D453A13F-44B2-415A-B585-F29159ED6B02} = {F84CA421-A1E6-48DD-87C0-2130915D271E}
		{2C42A1F6-E09A-4D42-B2AC-9BCA4E4FE14A} = {611E42D2-EDAA-4380-AC00-F80C6B8263D9}
		{3C366086-FC9B-4713-A5A1-0B5751B6DDE1} = {611E42D2-EDAA-4380-AC00-F80C6B8263D9}
		{6C68D12D-CC3E-40BF-A03F-1EDCE16386B9} = {611E42D2-EDAA-4380-AC00-F80C6B8263D9}
		{47885748-2AB8-4D49-9F6E-BE0CCEDAFFE5} = {C3E88CCE-E9FA-4FC3-9274-081857B05200}
		{8BA91754-8BE3-4589-8BB7-068E5AAA3311} = {C3E88CCE-E9FA-4FC3-9274-081857B05200}
		{15F0256C-3DE6-4764-9542-A2490C4CB414} = {C3E88CCE-E9FA-4FC3-9274-081857B05200}
	EndGlobalSection
	GlobalSection(ExtensibilityGlobals) = postSolution
		SolutionGuid = {EDC3EF2A-D943-4AC7-97C5-8BFC61615157}
	EndGlobalSection
EndGlobal
